
Microsoft Visual Studio Solution File, Format Version 12.00
# Visual Studio Version 16
VisualStudioVersion = 16.0.31729.503
MinimumVisualStudioVersion = 10.0.40219.1
Project("{FAE04EC0-301F-11D3-BF4B-00C04F79EFBC}") = "IconsApp", "IconsApp\IconsApp.csproj", "{38B17210-E786-4BBE-A275-DD76ADCFB256}"
EndProject
Global
	GlobalSection(SolutionConfigurationPlatforms) = preSolution
		Debug|Any CPU = Debug|Any CPU
		Release|Any CPU = Release|Any CPU
	EndGlobalSection
	GlobalSection(ProjectConfigurationPlatforms) = postSolution
		{38B17210-E786-4BBE-A275-DD76ADCFB256}.Debug|Any CPU.ActiveCfg = Debug|Any CPU
		{38B17210-E786-4BBE-A275-DD76ADCFB256}.Debug|Any CPU.Build.0 = Debug|Any CPU
		{38B17210-E786-4BBE-A275-DD76ADCFB256}.Release|Any CPU.ActiveCfg = Release|Any CPU
		{38B17210-E786-4BBE-A275-DD76ADCFB256}.Release|Any CPU.Build.0 = Release|Any CPU
	EndGlobalSection
	GlobalSection(SolutionProperties) = preSolution
		HideSolutionNode = FALSE
	EndGlobalSection
	GlobalSection(ExtensibilityGlobals) = postSolution
		SolutionGuid = {BBF81D31-68BF-47B9-89C1-BC3334DE0642}
	EndGlobalSection
EndGlobal
